
Microsoft Visual Studio Solution File, Format Version 12.00
# Visual Studio Version 17
VisualStudioVersion = 17.4.33122.133
MinimumVisualStudioVersion = 10.0.40219.1
Project("{FAE04EC0-301F-11D3-BF4B-00C04F79EFBC}") = "GMS.api", "GMS.api\GMS.api.csproj", "{6DECEBD0-0183-4DC2-9D8C-E62F6F49FF6F}"
EndProject
Project("{FAE04EC0-301F-11D3-BF4B-00C04F79EFBC}") = "GMS.bll", "GMS.bll\GMS.bll.csproj", "{7E0068F3-3D4E-4195-9623-55B1A548B179}"
EndProject
Project("{FAE04EC0-301F-11D3-BF4B-00C04F79EFBC}") = "GMS.dal", "GMS.dal\GMS.dal.csproj", "{FF29ED6B-E1D0-4A4F-8D4B-E9EEB9EFBD89}"
EndProject
Global
	GlobalSection(SolutionConfigurationPlatforms) = preSolution
		Debug|Any CPU = Debug|Any CPU
		Release|Any CPU = Release|Any CPU
	EndGlobalSection
	GlobalSection(ProjectConfigurationPlatforms) = postSolution
		{6DECEBD0-0183-4DC2-9D8C-E62F6F49FF6F}.Debug|Any CPU.ActiveCfg = Debug|Any CPU
		{6DECEBD0-0183-4DC2-9D8C-E62F6F49FF6F}.Debug|Any CPU.Build.0 = Debug|Any CPU
		{6DECEBD0-0183-4DC2-9D8C-E62F6F49FF6F}.Release|Any CPU.ActiveCfg = Release|Any CPU
		{6DECEBD0-0183-4DC2-9D8C-E62F6F49FF6F}.Release|Any CPU.Build.0 = Release|Any CPU
		{7E0068F3-3D4E-4195-9623-55B1A548B179}.Debug|Any CPU.ActiveCfg = Debug|Any CPU
		{7E0068F3-3D4E-4195-9623-55B1A548B179}.Debug|Any CPU.Build.0 = Debug|Any CPU
		{7E0068F3-3D4E-4195-9623-55B1A548B179}.Release|Any CPU.ActiveCfg = Release|Any CPU
		{7E0068F3-3D4E-4195-9623-55B1A548B179}.Release|Any CPU.Build.0 = Release|Any CPU
		{FF29ED6B-E1D0-4A4F-8D4B-E9EEB9EFBD89}.Debug|Any CPU.ActiveCfg = Debug|Any CPU
		{FF29ED6B-E1D0-4A4F-8D4B-E9EEB9EFBD89}.Debug|Any CPU.Build.0 = Debug|Any CPU
		{FF29ED6B-E1D0-4A4F-8D4B-E9EEB9EFBD89}.Release|Any CPU.ActiveCfg = Release|Any CPU
		{FF29ED6B-E1D0-4A4F-8D4B-E9EEB9EFBD89}.Release|Any CPU.Build.0 = Release|Any CPU
	EndGlobalSection
	GlobalSection(SolutionProperties) = preSolution
		HideSolutionNode = FALSE
	EndGlobalSection
	GlobalSection(NestedProjects) = preSolution
	EndGlobalSection
	GlobalSection(ExtensibilityGlobals) = postSolution
		SolutionGuid = {F1D55C27-103C-4F25-9202-DB392D2D3B74}
	EndGlobalSection
EndGlobal
