
Microsoft Visual Studio Solution File, Format Version 12.00
# Visual Studio Version 17
VisualStudioVersion = 17.4.33122.133
MinimumVisualStudioVersion = 10.0.40219.1
Project("{9A19103F-16F7-4668-BE54-9A1E7A4F7556}") = "GMS.Core.Core", "src\GMS.Core\GMS.Core.Core\GMS.Core.Core.csproj", "{8C09CD15-8A9B-4D7F-9524-3E56B312A71C}"
EndProject
Project("{2150E333-8FDC-42A3-9474-1A3956D46DE8}") = "GMS.Core", "GMS.Core", "{2371BB6D-C4EE-4110-AF6F-1D0C6B2082F5}"
EndProject
Project("{9A19103F-16F7-4668-BE54-9A1E7A4F7556}") = "GMS.Core.WebHost", "src\GMS.Core\GMS.Core.WebHost\GMS.Core.WebHost.csproj", "{752D2B69-20CB-4705-BEDE-E66F2BCA7658}"
EndProject
Project("{9A19103F-16F7-4668-BE54-9A1E7A4F7556}") = "GMS.Core.Test", "src\GMS.Core\GMS.Core.Test\GMS.Core.Test.csproj", "{A53D05E6-77A3-4246-B2BF-1280C7EAAD35}"
EndProject
Project("{2150E333-8FDC-42A3-9474-1A3956D46DE8}") = "GMS.Identity", "GMS.Identity", "{0530961E-34DF-474B-9B0E-6435784E46A0}"
EndProject
Project("{2150E333-8FDC-42A3-9474-1A3956D46DE8}") = "GMS.Communication", "GMS.Communication", "{CA3FB1E9-110B-4A32-8A63-909A6BD4165E}"
EndProject
Project("{9A19103F-16F7-4668-BE54-9A1E7A4F7556}") = "GMS.Identity.Core", "src\GMS.Identity\GMS.Identity.Core\GMS.Identity.Core.csproj", "{F6B2FCD2-0773-4CE6-8604-2E3609E33DE9}"
EndProject
Project("{9A19103F-16F7-4668-BE54-9A1E7A4F7556}") = "GMS.Identity.DataAccess", "src\GMS.Identity\GMS.Identity.DataAccess\GMS.Identity.DataAccess.csproj", "{58E71A9A-C398-4E93-B324-6C68CA6F4F56}"
EndProject
Project("{9A19103F-16F7-4668-BE54-9A1E7A4F7556}") = "GMS.Identity.WebHost", "src\GMS.Identity\GMS.Identity.WebHost\GMS.Identity.WebHost.csproj", "{B9699C39-534B-4799-A680-F774537A99DC}"
EndProject
Project("{9A19103F-16F7-4668-BE54-9A1E7A4F7556}") = "GMS.Identity.Test", "src\GMS.Identity\GMS.Identity.Test\GMS.Identity.Test.csproj", "{AA2F05A4-841D-42B8-836D-88C4914C7949}"
EndProject
Project("{9A19103F-16F7-4668-BE54-9A1E7A4F7556}") = "GMS.Communication.Core", "src\GMS.Communication\GMS.Communication.Core\GMS.Communication.Core.csproj", "{0E41473F-AAC1-4A8E-815C-003DC670C66B}"
EndProject
Project("{9A19103F-16F7-4668-BE54-9A1E7A4F7556}") = "GMS.Communication.DataAccess", "src\GMS.Communication\GMS.Communication.DataAccess\GMS.Communication.DataAccess.csproj", "{CD3B211C-B6A3-45DF-B64E-740DE8FDEB7D}"
EndProject
Project("{9A19103F-16F7-4668-BE54-9A1E7A4F7556}") = "GMS.Communication.WebHost", "src\GMS.Communication\GMS.Communication.WebHost\GMS.Communication.WebHost.csproj", "{566B4DCA-D9E3-41E0-81C0-B0F3A08D49C2}"
EndProject
Project("{9A19103F-16F7-4668-BE54-9A1E7A4F7556}") = "GMS.Communication.Test", "src\GMS.Communication\GMS.Communication.Test\GMS.Communication.Test.csproj", "{EB5B5527-CE73-40AB-8063-6EE62632F83B}"
EndProject
Project("{9A19103F-16F7-4668-BE54-9A1E7A4F7556}") = "GMS.Identity.Client", "src\GMS.Identity\GMS.Identity.Client\GMS.Identity.Client\GMS.Identity.Client.csproj", "{913F6797-F82B-46A2-900B-56FAF2C065AF}"
EndProject
Project("{9A19103F-16F7-4668-BE54-9A1E7A4F7556}") = "GMS.Core.DataAccess", "src\GMS.Core\GMS.Core.DataAccess\GMS.Core.DataAccess.csproj", "{535B22D8-8C0D-44EF-847F-BB6D5024EA7C}"
EndProject
Project("{9A19103F-16F7-4668-BE54-9A1E7A4F7556}") = "GMS.Core.BusinessLogic", "src\GMS.Core\GMS.Core.BusinessLogic\GMS.Core.BusinessLogic.csproj", "{4FECBD71-AB2A-4A7C-A179-5271E8117BFB}"
EndProject
Project("{2150E333-8FDC-42A3-9474-1A3956D46DE8}") = "GMS.GUI", "GMS.GUI", "{C6EDA238-A153-440C-814A-A522AC119C6D}"
EndProject
Project("{2150E333-8FDC-42A3-9474-1A3956D46DE8}") = "Console", "Console", "{6EDF7A3D-80EF-4A74-9F68-886A6A3CA6F0}"
EndProject
Project("{9A19103F-16F7-4668-BE54-9A1E7A4F7556}") = "GMS.Gui.Console", "src\GMS.Gui\Console\GMS.Gui.Console.csproj", "{A67A5A96-FF78-4D5F-B13E-C9E5ABECC0AA}"
EndProject
Project("{2150E333-8FDC-42A3-9474-1A3956D46DE8}") = "GMS.APIgateway", "GMS.APIgateway", "{462E7B82-C91F-4ACE-8F35-43503171A4B1}"
EndProject
Project("{9A19103F-16F7-4668-BE54-9A1E7A4F7556}") = "GMS.APIgateway", "src\GMS.APIgateway\GMS.APIgateway\GMS.APIgateway.csproj", "{EE510B57-EF3F-4426-BD8A-A80C67687953}"
EndProject
Project("{2150E333-8FDC-42A3-9474-1A3956D46DE8}") = "GMS.APIGatewayOcelot", "GMS.APIGatewayOcelot", "{1CFD74C1-CDE3-4826-98C5-D425046A1E9C}"
EndProject
Project("{E53339B2-1760-4266-BCC7-CA923CBCF16C}") = "docker-compose", "docker-compose.dcproj", "{4DB9F2E7-54D3-48B0-A346-7E12AE2B880F}"
EndProject
Project("{9A19103F-16F7-4668-BE54-9A1E7A4F7556}") = "GMS.APIGatewayOcelot", "src\GMS.APIGatewayOcelot\GMS.APIGatewayOcelot.csproj", "{81192AC8-B9A0-48FD-A7F6-81DED42A1FEE}"
EndProject
Project("{2150E333-8FDC-42A3-9474-1A3956D46DE8}") = "GMS.Common", "GMS.Common", "{3AE94956-D3C1-4E21-BA30-3A5557EFEF52}"
EndProject
Project("{FAE04EC0-301F-11D3-BF4B-00C04F79EFBC}") = "JWTAuthManager", "src\GMS.Common\JWTAuthManager\JWTAuthManager.csproj", "{1B204D72-14B6-4F5B-A500-DC1EE6EFCBD8}"
EndProject
Global
	GlobalSection(SolutionConfigurationPlatforms) = preSolution
		Debug|Any CPU = Debug|Any CPU
		Release|Any CPU = Release|Any CPU
	EndGlobalSection
	GlobalSection(ProjectConfigurationPlatforms) = postSolution
		{8C09CD15-8A9B-4D7F-9524-3E56B312A71C}.Debug|Any CPU.ActiveCfg = Debug|Any CPU
		{8C09CD15-8A9B-4D7F-9524-3E56B312A71C}.Debug|Any CPU.Build.0 = Debug|Any CPU
		{8C09CD15-8A9B-4D7F-9524-3E56B312A71C}.Release|Any CPU.ActiveCfg = Release|Any CPU
		{8C09CD15-8A9B-4D7F-9524-3E56B312A71C}.Release|Any CPU.Build.0 = Release|Any CPU
		{752D2B69-20CB-4705-BEDE-E66F2BCA7658}.Debug|Any CPU.ActiveCfg = Debug|Any CPU
		{752D2B69-20CB-4705-BEDE-E66F2BCA7658}.Debug|Any CPU.Build.0 = Debug|Any CPU
		{752D2B69-20CB-4705-BEDE-E66F2BCA7658}.Release|Any CPU.ActiveCfg = Release|Any CPU
		{752D2B69-20CB-4705-BEDE-E66F2BCA7658}.Release|Any CPU.Build.0 = Release|Any CPU
		{A53D05E6-77A3-4246-B2BF-1280C7EAAD35}.Debug|Any CPU.ActiveCfg = Debug|Any CPU
		{A53D05E6-77A3-4246-B2BF-1280C7EAAD35}.Debug|Any CPU.Build.0 = Debug|Any CPU
		{A53D05E6-77A3-4246-B2BF-1280C7EAAD35}.Release|Any CPU.ActiveCfg = Release|Any CPU
		{A53D05E6-77A3-4246-B2BF-1280C7EAAD35}.Release|Any CPU.Build.0 = Release|Any CPU
		{F6B2FCD2-0773-4CE6-8604-2E3609E33DE9}.Debug|Any CPU.ActiveCfg = Debug|Any CPU
		{F6B2FCD2-0773-4CE6-8604-2E3609E33DE9}.Debug|Any CPU.Build.0 = Debug|Any CPU
		{F6B2FCD2-0773-4CE6-8604-2E3609E33DE9}.Release|Any CPU.ActiveCfg = Release|Any CPU
		{F6B2FCD2-0773-4CE6-8604-2E3609E33DE9}.Release|Any CPU.Build.0 = Release|Any CPU
		{58E71A9A-C398-4E93-B324-6C68CA6F4F56}.Debug|Any CPU.ActiveCfg = Debug|Any CPU
		{58E71A9A-C398-4E93-B324-6C68CA6F4F56}.Debug|Any CPU.Build.0 = Debug|Any CPU
		{58E71A9A-C398-4E93-B324-6C68CA6F4F56}.Release|Any CPU.ActiveCfg = Release|Any CPU
		{58E71A9A-C398-4E93-B324-6C68CA6F4F56}.Release|Any CPU.Build.0 = Release|Any CPU
		{B9699C39-534B-4799-A680-F774537A99DC}.Debug|Any CPU.ActiveCfg = Debug|Any CPU
		{B9699C39-534B-4799-A680-F774537A99DC}.Debug|Any CPU.Build.0 = Debug|Any CPU
		{B9699C39-534B-4799-A680-F774537A99DC}.Release|Any CPU.ActiveCfg = Release|Any CPU
		{B9699C39-534B-4799-A680-F774537A99DC}.Release|Any CPU.Build.0 = Release|Any CPU
		{AA2F05A4-841D-42B8-836D-88C4914C7949}.Debug|Any CPU.ActiveCfg = Debug|Any CPU
		{AA2F05A4-841D-42B8-836D-88C4914C7949}.Debug|Any CPU.Build.0 = Debug|Any CPU
		{AA2F05A4-841D-42B8-836D-88C4914C7949}.Release|Any CPU.ActiveCfg = Release|Any CPU
		{AA2F05A4-841D-42B8-836D-88C4914C7949}.Release|Any CPU.Build.0 = Release|Any CPU
		{0E41473F-AAC1-4A8E-815C-003DC670C66B}.Debug|Any CPU.ActiveCfg = Debug|Any CPU
		{0E41473F-AAC1-4A8E-815C-003DC670C66B}.Debug|Any CPU.Build.0 = Debug|Any CPU
		{0E41473F-AAC1-4A8E-815C-003DC670C66B}.Release|Any CPU.ActiveCfg = Release|Any CPU
		{0E41473F-AAC1-4A8E-815C-003DC670C66B}.Release|Any CPU.Build.0 = Release|Any CPU
		{CD3B211C-B6A3-45DF-B64E-740DE8FDEB7D}.Debug|Any CPU.ActiveCfg = Debug|Any CPU
		{CD3B211C-B6A3-45DF-B64E-740DE8FDEB7D}.Debug|Any CPU.Build.0 = Debug|Any CPU
		{CD3B211C-B6A3-45DF-B64E-740DE8FDEB7D}.Release|Any CPU.ActiveCfg = Release|Any CPU
		{CD3B211C-B6A3-45DF-B64E-740DE8FDEB7D}.Release|Any CPU.Build.0 = Release|Any CPU
		{566B4DCA-D9E3-41E0-81C0-B0F3A08D49C2}.Debug|Any CPU.ActiveCfg = Debug|Any CPU
		{566B4DCA-D9E3-41E0-81C0-B0F3A08D49C2}.Debug|Any CPU.Build.0 = Debug|Any CPU
		{566B4DCA-D9E3-41E0-81C0-B0F3A08D49C2}.Release|Any CPU.ActiveCfg = Release|Any CPU
		{566B4DCA-D9E3-41E0-81C0-B0F3A08D49C2}.Release|Any CPU.Build.0 = Release|Any CPU
		{EB5B5527-CE73-40AB-8063-6EE62632F83B}.Debug|Any CPU.ActiveCfg = Debug|Any CPU
		{EB5B5527-CE73-40AB-8063-6EE62632F83B}.Debug|Any CPU.Build.0 = Debug|Any CPU
		{EB5B5527-CE73-40AB-8063-6EE62632F83B}.Release|Any CPU.ActiveCfg = Release|Any CPU
		{EB5B5527-CE73-40AB-8063-6EE62632F83B}.Release|Any CPU.Build.0 = Release|Any CPU
		{913F6797-F82B-46A2-900B-56FAF2C065AF}.Debug|Any CPU.ActiveCfg = Debug|Any CPU
		{913F6797-F82B-46A2-900B-56FAF2C065AF}.Debug|Any CPU.Build.0 = Debug|Any CPU
		{913F6797-F82B-46A2-900B-56FAF2C065AF}.Release|Any CPU.ActiveCfg = Release|Any CPU
		{913F6797-F82B-46A2-900B-56FAF2C065AF}.Release|Any CPU.Build.0 = Release|Any CPU
		{535B22D8-8C0D-44EF-847F-BB6D5024EA7C}.Debug|Any CPU.ActiveCfg = Debug|Any CPU
		{535B22D8-8C0D-44EF-847F-BB6D5024EA7C}.Debug|Any CPU.Build.0 = Debug|Any CPU
		{535B22D8-8C0D-44EF-847F-BB6D5024EA7C}.Release|Any CPU.ActiveCfg = Release|Any CPU
		{535B22D8-8C0D-44EF-847F-BB6D5024EA7C}.Release|Any CPU.Build.0 = Release|Any CPU
		{4FECBD71-AB2A-4A7C-A179-5271E8117BFB}.Debug|Any CPU.ActiveCfg = Debug|Any CPU
		{4FECBD71-AB2A-4A7C-A179-5271E8117BFB}.Debug|Any CPU.Build.0 = Debug|Any CPU
		{4FECBD71-AB2A-4A7C-A179-5271E8117BFB}.Release|Any CPU.ActiveCfg = Release|Any CPU
		{4FECBD71-AB2A-4A7C-A179-5271E8117BFB}.Release|Any CPU.Build.0 = Release|Any CPU
		{A67A5A96-FF78-4D5F-B13E-C9E5ABECC0AA}.Debug|Any CPU.ActiveCfg = Debug|Any CPU
		{A67A5A96-FF78-4D5F-B13E-C9E5ABECC0AA}.Debug|Any CPU.Build.0 = Debug|Any CPU
		{A67A5A96-FF78-4D5F-B13E-C9E5ABECC0AA}.Release|Any CPU.ActiveCfg = Release|Any CPU
		{A67A5A96-FF78-4D5F-B13E-C9E5ABECC0AA}.Release|Any CPU.Build.0 = Release|Any CPU
		{EE510B57-EF3F-4426-BD8A-A80C67687953}.Debug|Any CPU.ActiveCfg = Debug|Any CPU
		{EE510B57-EF3F-4426-BD8A-A80C67687953}.Debug|Any CPU.Build.0 = Debug|Any CPU
		{EE510B57-EF3F-4426-BD8A-A80C67687953}.Release|Any CPU.ActiveCfg = Release|Any CPU
		{EE510B57-EF3F-4426-BD8A-A80C67687953}.Release|Any CPU.Build.0 = Release|Any CPU
		{4DB9F2E7-54D3-48B0-A346-7E12AE2B880F}.Debug|Any CPU.ActiveCfg = Debug|Any CPU
		{4DB9F2E7-54D3-48B0-A346-7E12AE2B880F}.Debug|Any CPU.Build.0 = Debug|Any CPU
		{4DB9F2E7-54D3-48B0-A346-7E12AE2B880F}.Release|Any CPU.ActiveCfg = Debug|Any CPU
		{4DB9F2E7-54D3-48B0-A346-7E12AE2B880F}.Release|Any CPU.Build.0 = Debug|Any CPU
		{81192AC8-B9A0-48FD-A7F6-81DED42A1FEE}.Debug|Any CPU.ActiveCfg = Debug|Any CPU
		{81192AC8-B9A0-48FD-A7F6-81DED42A1FEE}.Debug|Any CPU.Build.0 = Debug|Any CPU
		{81192AC8-B9A0-48FD-A7F6-81DED42A1FEE}.Release|Any CPU.ActiveCfg = Release|Any CPU
		{81192AC8-B9A0-48FD-A7F6-81DED42A1FEE}.Release|Any CPU.Build.0 = Release|Any CPU
		{1B204D72-14B6-4F5B-A500-DC1EE6EFCBD8}.Debug|Any CPU.ActiveCfg = Debug|Any CPU
		{1B204D72-14B6-4F5B-A500-DC1EE6EFCBD8}.Debug|Any CPU.Build.0 = Debug|Any CPU
		{1B204D72-14B6-4F5B-A500-DC1EE6EFCBD8}.Release|Any CPU.ActiveCfg = Release|Any CPU
		{1B204D72-14B6-4F5B-A500-DC1EE6EFCBD8}.Release|Any CPU.Build.0 = Release|Any CPU
	EndGlobalSection
	GlobalSection(SolutionProperties) = preSolution
		HideSolutionNode = FALSE
	EndGlobalSection
	GlobalSection(NestedProjects) = preSolution
		{8C09CD15-8A9B-4D7F-9524-3E56B312A71C} = {2371BB6D-C4EE-4110-AF6F-1D0C6B2082F5}
		{752D2B69-20CB-4705-BEDE-E66F2BCA7658} = {2371BB6D-C4EE-4110-AF6F-1D0C6B2082F5}
		{A53D05E6-77A3-4246-B2BF-1280C7EAAD35} = {2371BB6D-C4EE-4110-AF6F-1D0C6B2082F5}
		{F6B2FCD2-0773-4CE6-8604-2E3609E33DE9} = {0530961E-34DF-474B-9B0E-6435784E46A0}
		{58E71A9A-C398-4E93-B324-6C68CA6F4F56} = {0530961E-34DF-474B-9B0E-6435784E46A0}
		{B9699C39-534B-4799-A680-F774537A99DC} = {0530961E-34DF-474B-9B0E-6435784E46A0}
		{AA2F05A4-841D-42B8-836D-88C4914C7949} = {0530961E-34DF-474B-9B0E-6435784E46A0}
		{0E41473F-AAC1-4A8E-815C-003DC670C66B} = {CA3FB1E9-110B-4A32-8A63-909A6BD4165E}
		{CD3B211C-B6A3-45DF-B64E-740DE8FDEB7D} = {CA3FB1E9-110B-4A32-8A63-909A6BD4165E}
		{566B4DCA-D9E3-41E0-81C0-B0F3A08D49C2} = {CA3FB1E9-110B-4A32-8A63-909A6BD4165E}
		{EB5B5527-CE73-40AB-8063-6EE62632F83B} = {CA3FB1E9-110B-4A32-8A63-909A6BD4165E}
		{913F6797-F82B-46A2-900B-56FAF2C065AF} = {0530961E-34DF-474B-9B0E-6435784E46A0}
		{535B22D8-8C0D-44EF-847F-BB6D5024EA7C} = {2371BB6D-C4EE-4110-AF6F-1D0C6B2082F5}
		{4FECBD71-AB2A-4A7C-A179-5271E8117BFB} = {2371BB6D-C4EE-4110-AF6F-1D0C6B2082F5}
		{6EDF7A3D-80EF-4A74-9F68-886A6A3CA6F0} = {C6EDA238-A153-440C-814A-A522AC119C6D}
		{A67A5A96-FF78-4D5F-B13E-C9E5ABECC0AA} = {6EDF7A3D-80EF-4A74-9F68-886A6A3CA6F0}
		{EE510B57-EF3F-4426-BD8A-A80C67687953} = {462E7B82-C91F-4ACE-8F35-43503171A4B1}
		{81192AC8-B9A0-48FD-A7F6-81DED42A1FEE} = {1CFD74C1-CDE3-4826-98C5-D425046A1E9C}
		{1B204D72-14B6-4F5B-A500-DC1EE6EFCBD8} = {3AE94956-D3C1-4E21-BA30-3A5557EFEF52}
	EndGlobalSection
	GlobalSection(ExtensibilityGlobals) = postSolution
		SolutionGuid = {F1D55C27-103C-4F25-9202-DB392D2D3B74}
	EndGlobalSection
EndGlobal
